// !$*UTF8*$!
{
	archiveVersion = 1;
	classes = {
	};
	objectVersion = 77;
	objects = {

/* Begin PBXContainerItemProxy section */
		2269126C2ED3E9E70004ACAE /* PBXContainerItemProxy */ = {
			isa = PBXContainerItemProxy;
			containerPortal = 226912552ED3E9E60004ACAE /* Project object */;
			proxyType = 1;
			remoteGlobalIDString = 2269125C2ED3E9E60004ACAE;
			remoteInfo = MyAdventure;
		};
		226912762ED3E9E70004ACAE /* PBXContainerItemProxy */ = {
			isa = PBXContainerItemProxy;
			containerPortal = 226912552ED3E9E60004ACAE /* Project object */;
			proxyType = 1;
			remoteGlobalIDString = 2269125C2ED3E9E60004ACAE;
			remoteInfo = MyAdventure;
		};
/* End PBXContainerItemProxy section */

/* Begin PBXFileReference section */
		2269125D2ED3E9E60004ACAE /* MyAdventure.app */ = {isa = PBXFileReference; explicitFileType = wrapper.application; includeInIndex = 0; path = MyAdventure.app; sourceTree = BUILT_PRODUCTS_DIR; };
		2269126B2ED3E9E70004ACAE /* MyAdventureTests.xctest */ = {isa = PBXFileReference; explicitFileType = wrapper.cfbundle; includeInIndex = 0; path = MyAdventureTests.xctest; sourceTree = BUILT_PRODUCTS_DIR; };
		226912752ED3E9E70004ACAE /* MyAdventureUITests.xctest */ = {isa = PBXFileReference; explicitFileType = wrapper.cfbundle; includeInIndex = 0; path = MyAdventureUITests.xctest; sourceTree = BUILT_PRODUCTS_DIR; };
/* End PBXFileReference section */

/* Begin PBXFileSystemSynchronizedRootGroup section */
		2269125F2ED3E9E60004ACAE /* MyAdventure */ = {
			isa = PBXFileSystemSynchronizedRootGroup;
			path = MyAdventure;
			sourceTree = "<group>";
		};
		2269126E2ED3E9E70004ACAE /* MyAdventureTests */ = {
			isa = PBXFileSystemSynchronizedRootGroup;
			path = MyAdventureTests;
			sourceTree = "<group>";
		};
		226912782ED3E9E70004ACAE /* MyAdventureUITests */ = {
			isa = PBXFileSystemSynchronizedRootGroup;
			path = MyAdventureUITests;
			sourceTree = "<group>";
		};
/* End PBXFileSystemSynchronizedRootGroup section */

/* Begin PBXFrameworksBuildPhase section */
		2269125A2ED3E9E60004ACAE /* Frameworks */ = {
			isa = PBXFrameworksBuildPhase;
			buildActionMask = 2147483647;
			files = (
			);
			runOnlyForDeploymentPostprocessing = 0;
		};
		226912682ED3E9E70004ACAE /* Frameworks */ = {
			isa = PBXFrameworksBuildPhase;
			buildActionMask = 2147483647;
			files = (
			);
			runOnlyForDeploymentPostprocessing = 0;
		};
		226912722ED3E9E70004ACAE /* Frameworks */ = {
			isa = PBXFrameworksBuildPhase;
			buildActionMask = 2147483647;
			files = (
			);
			runOnlyForDeploymentPostprocessing = 0;
		};
/* End PBXFrameworksBuildPhase section */

/* Begin PBXGroup section */
		226912542ED3E9E60004ACAE = {
			isa = PBXGroup;
			children = (
				2269125F2ED3E9E60004ACAE /* MyAdventure */,
				2269126E2ED3E9E70004ACAE /* MyAdventureTests */,
				226912782ED3E9E70004ACAE /* MyAdventureUITests */,
				2269125E2ED3E9E60004ACAE /* Products */,
			);
			sourceTree = "<group>";
		};
		2269125E2ED3E9E60004ACAE /* Products */ = {
			isa = PBXGroup;
			children = (
				2269125D2ED3E9E60004ACAE /* MyAdventure.app */,
				2269126B2ED3E9E70004ACAE /* MyAdventureTests.xctest */,
				226912752ED3E9E70004ACAE /* MyAdventureUITests.xctest */,
			);
			name = Products;
			sourceTree = "<group>";
		};
/* End PBXGroup section */

/* Begin PBXNativeTarget section */
		2269125C2ED3E9E60004ACAE /* MyAdventure */ = {
			isa = PBXNativeTarget;
			buildConfigurationList = 2269127F2ED3E9E70004ACAE /* Build configuration list for PBXNativeTarget "MyAdventure" */;
			buildPhases = (
				226912592ED3E9E60004ACAE /* Sources */,
				2269125A2ED3E9E60004ACAE /* Frameworks */,
				2269125B2ED3E9E60004ACAE /* Resources */,
			);
			buildRules = (
			);
			dependencies = (
			);
			fileSystemSynchronizedGroups = (
				2269125F2ED3E9E60004ACAE /* MyAdventure */,
			);
			name = MyAdventure;
			packageProductDependencies = (
			);
			productName = MyAdventure;
			productReference = 2269125D2ED3E9E60004ACAE /* MyAdventure.app */;
			productType = "com.apple.product-type.application";
		};
		2269126A2ED3E9E70004ACAE /* MyAdventureTests */ = {
			isa = PBXNativeTarget;
			buildConfigurationList = 226912822ED3E9E70004ACAE /* Build configuration list for PBXNativeTarget "MyAdventureTests" */;
			buildPhases = (
				226912672ED3E9E70004ACAE /* Sources */,
				226912682ED3E9E70004ACAE /* Frameworks */,
				226912692ED3E9E70004ACAE /* Resources */,
			);
			buildRules = (
			);
			dependencies = (
				2269126D2ED3E9E70004ACAE /* PBXTargetDependency */,
			);
			fileSystemSynchronizedGroups = (
				2269126E2ED3E9E70004ACAE /* MyAdventureTests */,
			);
			name = MyAdventureTests;
			packageProductDependencies = (
			);
			productName = MyAdventureTests;
			productReference = 2269126B2ED3E9E70004ACAE /* MyAdventureTests.xctest */;
			productType = "com.apple.product-type.bundle.unit-test";
		};
		226912742ED3E9E70004ACAE /* MyAdventureUITests */ = {
			isa = PBXNativeTarget;
			buildConfigurationList = 226912852ED3E9E70004ACAE /* Build configuration list for PBXNativeTarget "MyAdventureUITests" */;
			buildPhases = (
				226912712ED3E9E70004ACAE /* Sources */,
				226912722ED3E9E70004ACAE /* Frameworks */,
				226912732ED3E9E70004ACAE /* Resources */,
			);
			buildRules = (
			);
			dependencies = (
				226912772ED3E9E70004ACAE /* PBXTargetDependency */,
			);
			fileSystemSynchronizedGroups = (
				226912782ED3E9E70004ACAE /* MyAdventureUITests */,
			);
			name = MyAdventureUITests;
			packageProductDependencies = (
			);
			productName = MyAdventureUITests;
			productReference = 226912752ED3E9E70004ACAE /* MyAdventureUITests.xctest */;
			productType = "com.apple.product-type.bundle.ui-testing";
		};
/* End PBXNativeTarget section */

/* Begin PBXProject section */
		226912552ED3E9E60004ACAE /* Project object */ = {
			isa = PBXProject;
			attributes = {
				BuildIndependentTargetsInParallel = 1;
				LastSwiftUpdateCheck = 1640;
				LastUpgradeCheck = 1640;
				TargetAttributes = {
					2269125C2ED3E9E60004ACAE = {
						CreatedOnToolsVersion = 16.4;
					};
					2269126A2ED3E9E70004ACAE = {
						CreatedOnToolsVersion = 16.4;
						TestTargetID = 2269125C2ED3E9E60004ACAE;
					};
					226912742ED3E9E70004ACAE = {
						CreatedOnToolsVersion = 16.4;
						TestTargetID = 2269125C2ED3E9E60004ACAE;
					};
				};
			};
			buildConfigurationList = 226912582ED3E9E60004ACAE /* Build configuration list for PBXProject "MyAdventure" */;
			developmentRegion = en;
			hasScannedForEncodings = 0;
			knownRegions = (
				en,
				Base,
			);
			mainGroup = 226912542ED3E9E60004ACAE;
			minimizedProjectReferenceProxies = 1;
			preferredProjectObjectVersion = 77;
			productRefGroup = 2269125E2ED3E9E60004ACAE /* Products */;
			projectDirPath = "";
			projectRoot = "";
			targets = (
				2269125C2ED3E9E60004ACAE /* MyAdventure */,
				2269126A2ED3E9E70004ACAE /* MyAdventureTests */,
				226912742ED3E9E70004ACAE /* MyAdventureUITests */,
			);
		};
/* End PBXProject section */

/* Begin PBXResourcesBuildPhase section */
		2269125B2ED3E9E60004ACAE /* Resources */ = {
			isa = PBXResourcesBuildPhase;
			buildActionMask = 2147483647;
			files = (
			);
			runOnlyForDeploymentPostprocessing = 0;
		};
		226912692ED3E9E70004ACAE /* Resources */ = {
			isa = PBXResourcesBuildPhase;
			buildActionMask = 2147483647;
			files = (
			);
			runOnlyForDeploymentPostprocessing = 0;
		};
		226912732ED3E9E70004ACAE /* Resources */ = {
			isa = PBXResourcesBuildPhase;
			buildActionMask = 2147483647;
			files = (
			);
			runOnlyForDeploymentPostprocessing = 0;
		};
/* End PBXResourcesBuildPhase section */

/* Begin PBXSourcesBuildPhase section */
		226912592ED3E9E60004ACAE /* Sources */ = {
			isa = PBXSourcesBuildPhase;
			buildActionMask = 2147483647;
			files = (
			);
			runOnlyForDeploymentPostprocessing = 0;
		};
		226912672ED3E9E70004ACAE /* Sources */ = {
			isa = PBXSourcesBuildPhase;
			buildActionMask = 2147483647;
			files = (
			);
			runOnlyForDeploymentPostprocessing = 0;
		};
		226912712ED3E9E70004ACAE /* Sources */ = {
			isa = PBXSourcesBuildPhase;
			buildActionMask = 2147483647;
			files = (
			);
			runOnlyForDeploymentPostprocessing = 0;
		};
/* End PBXSourcesBuildPhase section */

/* Begin PBXTargetDependency section */
		2269126D2ED3E9E70004ACAE /* PBXTargetDependency */ = {
			isa = PBXTargetDependency;
			target = 2269125C2ED3E9E60004ACAE /* MyAdventure */;
			targetProxy = 2269126C2ED3E9E70004ACAE /* PBXContainerItemProxy */;
		};
		226912772ED3E9E70004ACAE /* PBXTargetDependency */ = {
			isa = PBXTargetDependency;
			target = 2269125C2ED3E9E60004ACAE /* MyAdventure */;
			targetProxy = 226912762ED3E9E70004ACAE /* PBXContainerItemProxy */;
		};
/* End PBXTargetDependency section */

/* Begin XCBuildConfiguration section */
		2269127D2ED3E9E70004ACAE /* Debug */ = {
			isa = XCBuildConfiguration;
			buildSettings = {
				ALWAYS_SEARCH_USER_PATHS = NO;
				ASSETCATALOG_COMPILER_GENERATE_SWIFT_ASSET_SYMBOL_EXTENSIONS = YES;
				CLANG_ANALYZER_NONNULL = YES;
				CLANG_ANALYZER_NUMBER_OBJECT_CONVERSION = YES_AGGRESSIVE;
				CLANG_CXX_LANGUAGE_STANDARD = "gnu++20";
				CLANG_ENABLE_MODULES = YES;
				CLANG_ENABLE_OBJC_ARC = YES;
				CLANG_ENABLE_OBJC_WEAK = YES;
				CLANG_WARN_BLOCK_CAPTURE_AUTORELEASING = YES;
				CLANG_WARN_BOOL_CONVERSION = YES;
				CLANG_WARN_COMMA = YES;
				CLANG_WARN_CONSTANT_CONVERSION = YES;
				CLANG_WARN_DEPRECATED_OBJC_IMPLEMENTATIONS = YES;
				CLANG_WARN_DIRECT_OBJC_ISA_USAGE = YES_ERROR;
				CLANG_WARN_DOCUMENTATION_COMMENTS = YES;
				CLANG_WARN_EMPTY_BODY = YES;
				CLANG_WARN_ENUM_CONVERSION = YES;
				CLANG_WARN_INFINITE_RECURSION = YES;
				CLANG_WARN_INT_CONVERSION = YES;
				CLANG_WARN_NON_LITERAL_NULL_CONVERSION = YES;
				CLANG_WARN_OBJC_IMPLICIT_RETAIN_SELF = YES;
				CLANG_WARN_OBJC_LITERAL_CONVERSION = YES;
				CLANG_WARN_OBJC_ROOT_CLASS = YES_ERROR;
				CLANG_WARN_QUOTED_INCLUDE_IN_FRAMEWORK_HEADER = YES;
				CLANG_WARN_RANGE_LOOP_ANALYSIS = YES;
				CLANG_WARN_STRICT_PROTOTYPES = YES;
				CLANG_WARN_SUSPICIOUS_MOVE = YES;
				CLANG_WARN_UNGUARDED_AVAILABILITY = YES_AGGRESSIVE;
				CLANG_WARN_UNREACHABLE_CODE = YES;
				CLANG_WARN__DUPLICATE_METHOD_MATCH = YES;
				COPY_PHASE_STRIP = NO;
				DEBUG_INFORMATION_FORMAT = dwarf;
				ENABLE_STRICT_OBJC_MSGSEND = YES;
				ENABLE_TESTABILITY = YES;
				ENABLE_USER_SCRIPT_SANDBOXING = YES;
				GCC_C_LANGUAGE_STANDARD = gnu17;
				GCC_DYNAMIC_NO_PIC = NO;
				GCC_NO_COMMON_BLOCKS = YES;
				GCC_OPTIMIZATION_LEVEL = 0;
				GCC_PREPROCESSOR_DEFINITIONS = (
					"DEBUG=1",
					"$(inherited)",
				);
				GCC_WARN_64_TO_32_BIT_CONVERSION = YES;
				GCC_WARN_ABOUT_RETURN_TYPE = YES_ERROR;
				GCC_WARN_UNDECLARED_SELECTOR = YES;
				GCC_WARN_UNINITIALIZED_AUTOS = YES_AGGRESSIVE;
				GCC_WARN_UNUSED_FUNCTION = YES;
				GCC_WARN_UNUSED_VARIABLE = YES;
				LOCALIZATION_PREFERS_STRING_CATALOGS = YES;
				MACOSX_DEPLOYMENT_TARGET = 15.5;
				MTL_ENABLE_DEBUG_INFO = INCLUDE_SOURCE;
				MTL_FAST_MATH = YES;
				ONLY_ACTIVE_ARCH = YES;
				SDKROOT = macosx;
				SWIFT_ACTIVE_COMPILATION_CONDITIONS = "DEBUG $(inherited)";
				SWIFT_OPTIMIZATION_LEVEL = "-Onone";
			};
			name = Debug;
		};
		2269127E2ED3E9E70004ACAE /* Release */ = {
			isa = XCBuildConfiguration;
			buildSettings = {
				ALWAYS_SEARCH_USER_PATHS = NO;
				ASSETCATALOG_COMPILER_GENERATE_SWIFT_ASSET_SYMBOL_EXTENSIONS = YES;
				CLANG_ANALYZER_NONNULL = YES;
				CLANG_ANALYZER_NUMBER_OBJECT_CONVERSION = YES_AGGRESSIVE;
				CLANG_CXX_LANGUAGE_STANDARD = "gnu++20";
				CLANG_ENABLE_MODULES = YES;
				CLANG_ENABLE_OBJC_ARC = YES;
				CLANG_ENABLE_OBJC_WEAK = YES;
				CLANG_WARN_BLOCK_CAPTURE_AUTORELEASING = YES;
				CLANG_WARN_BOOL_CONVERSION = YES;
				CLANG_WARN_COMMA = YES;
				CLANG_WARN_CONSTANT_CONVERSION = YES;
				CLANG_WARN_DEPRECATED_OBJC_IMPLEMENTATIONS = YES;
				CLANG_WARN_DIRECT_OBJC_ISA_USAGE = YES_ERROR;
				CLANG_WARN_DOCUMENTATION_COMMENTS = YES;
				CLANG_WARN_EMPTY_BODY = YES;
				CLANG_WARN_ENUM_CONVERSION = YES;
				CLANG_WARN_INFINITE_RECURSION = YES;
				CLANG_WARN_INT_CONVERSION = YES;
				CLANG_WARN_NON_LITERAL_NULL_CONVERSION = YES;
				CLANG_WARN_OBJC_IMPLICIT_RETAIN_SELF = YES;
				CLANG_WARN_OBJC_LITERAL_CONVERSION = YES;
				CLANG_WARN_OBJC_ROOT_CLASS = YES_ERROR;
				CLANG_WARN_QUOTED_INCLUDE_IN_FRAMEWORK_HEADER = YES;
				CLANG_WARN_RANGE_LOOP_ANALYSIS = YES;
				CLANG_WARN_STRICT_PROTOTYPES = YES;
				CLANG_WARN_SUSPICIOUS_MOVE = YES;
				CLANG_WARN_UNGUARDED_AVAILABILITY = YES_AGGRESSIVE;
				CLANG_WARN_UNREACHABLE_CODE = YES;
				CLANG_WARN__DUPLICATE_METHOD_MATCH = YES;
				COPY_PHASE_STRIP = NO;
				DEBUG_INFORMATION_FORMAT = "dwarf-with-dsym";
				ENABLE_NS_ASSERTIONS = NO;
				ENABLE_STRICT_OBJC_MSGSEND = YES;
				ENABLE_USER_SCRIPT_SANDBOXING = YES;
				GCC_C_LANGUAGE_STANDARD = gnu17;
				GCC_NO_COMMON_BLOCKS = YES;
				GCC_WARN_64_TO_32_BIT_CONVERSION = YES;
				GCC_WARN_ABOUT_RETURN_TYPE = YES_ERROR;
				GCC_WARN_UNDECLARED_SELECTOR = YES;
				GCC_WARN_UNINITIALIZED_AUTOS = YES_AGGRESSIVE;
				GCC_WARN_UNUSED_FUNCTION = YES;
				GCC_WARN_UNUSED_VARIABLE = YES;
				LOCALIZATION_PREFERS_STRING_CATALOGS = YES;
				MACOSX_DEPLOYMENT_TARGET = 15.5;
				MTL_ENABLE_DEBUG_INFO = NO;
				MTL_FAST_MATH = YES;
				SDKROOT = macosx;
				SWIFT_COMPILATION_MODE = wholemodule;
			};
			name = Release;
		};
		226912802ED3E9E70004ACAE /* Debug */ = {
			isa = XCBuildConfiguration;
			buildSettings = {
				ASSETCATALOG_COMPILER_APPICON_NAME = AppIcon;
				ASSETCATALOG_COMPILER_GLOBAL_ACCENT_COLOR_NAME = AccentColor;
				CODE_SIGN_ENTITLEMENTS = MyAdventure/MyAdventure.entitlements;
				CODE_SIGN_STYLE = Automatic;
				COMBINE_HIDPI_IMAGES = YES;
				CURRENT_PROJECT_VERSION = 1;
				ENABLE_PREVIEWS = YES;
				GENERATE_INFOPLIST_FILE = YES;
				INFOPLIST_KEY_NSHumanReadableCopyright = "";
				LD_RUNPATH_SEARCH_PATHS = (
					"$(inherited)",
					"@executable_path/../Frameworks",
				);
				MARKETING_VERSION = 1.0;
				PRODUCT_BUNDLE_IDENTIFIER = com.lhp.MyAdventure;
				PRODUCT_NAME = "$(TARGET_NAME)";
				REGISTER_APP_GROUPS = YES;
				SWIFT_EMIT_LOC_STRINGS = YES;
				SWIFT_VERSION = 5.0;
			};
			name = Debug;
		};
		226912812ED3E9E70004ACAE /* Release */ = {
			isa = XCBuildConfiguration;
			buildSettings = {
				ASSETCATALOG_COMPILER_APPICON_NAME = AppIcon;
				ASSETCATALOG_COMPILER_GLOBAL_ACCENT_COLOR_NAME = AccentColor;
				CODE_SIGN_ENTITLEMENTS = MyAdventure/MyAdventure.entitlements;
				CODE_SIGN_STYLE = Automatic;
				COMBINE_HIDPI_IMAGES = YES;
				CURRENT_PROJECT_VERSION = 1;
				ENABLE_PREVIEWS = YES;
				GENERATE_INFOPLIST_FILE = YES;
				INFOPLIST_KEY_NSHumanReadableCopyright = "";
				LD_RUNPATH_SEARCH_PATHS = (
					"$(inherited)",
					"@executable_path/../Frameworks",
				);
				MARKETING_VERSION = 1.0;
				PRODUCT_BUNDLE_IDENTIFIER = com.lhp.MyAdventure;
				PRODUCT_NAME = "$(TARGET_NAME)";
				REGISTER_APP_GROUPS = YES;
				SWIFT_EMIT_LOC_STRINGS = YES;
				SWIFT_VERSION = 5.0;
			};
			name = Release;
		};
		226912832ED3E9E70004ACAE /* Debug */ = {
			isa = XCBuildConfiguration;
			buildSettings = {
				BUNDLE_LOADER = "$(TEST_HOST)";
				CODE_SIGN_STYLE = Automatic;
				CURRENT_PROJECT_VERSION = 1;
				GENERATE_INFOPLIST_FILE = YES;
				MACOSX_DEPLOYMENT_TARGET = 15.5;
				MARKETING_VERSION = 1.0;
				PRODUCT_BUNDLE_IDENTIFIER = com.lhp.MyAdventureTests;
				PRODUCT_NAME = "$(TARGET_NAME)";
				SWIFT_EMIT_LOC_STRINGS = NO;
				SWIFT_VERSION = 5.0;
				TEST_HOST = "$(BUILT_PRODUCTS_DIR)/MyAdventure.app/$(BUNDLE_EXECUTABLE_FOLDER_PATH)/MyAdventure";
			};
			name = Debug;
		};
		226912842ED3E9E70004ACAE /* Release */ = {
			isa = XCBuildConfiguration;
			buildSettings = {
				BUNDLE_LOADER = "$(TEST_HOST)";
				CODE_SIGN_STYLE = Automatic;
				CURRENT_PROJECT_VERSION = 1;
				GENERATE_INFOPLIST_FILE = YES;
				MACOSX_DEPLOYMENT_TARGET = 15.5;
				MARKETING_VERSION = 1.0;
				PRODUCT_BUNDLE_IDENTIFIER = com.lhp.MyAdventureTests;
				PRODUCT_NAME = "$(TARGET_NAME)";
				SWIFT_EMIT_LOC_STRINGS = NO;
				SWIFT_VERSION = 5.0;
				TEST_HOST = "$(BUILT_PRODUCTS_DIR)/MyAdventure.app/$(BUNDLE_EXECUTABLE_FOLDER_PATH)/MyAdventure";
			};
			name = Release;
		};
		226912862ED3E9E70004ACAE /* Debug */ = {
			isa = XCBuildConfiguration;
			buildSettings = {
				CODE_SIGN_STYLE = Automatic;
				CURRENT_PROJECT_VERSION = 1;
				GENERATE_INFOPLIST_FILE = YES;
				MARKETING_VERSION = 1.0;
				PRODUCT_BUNDLE_IDENTIFIER = com.lhp.MyAdventureUITests;
				PRODUCT_NAME = "$(TARGET_NAME)";
				SWIFT_EMIT_LOC_STRINGS = NO;
				SWIFT_VERSION = 5.0;
				TEST_TARGET_NAME = MyAdventure;
			};
			name = Debug;
		};
		226912872ED3E9E70004ACAE /* Release */ = {
			isa = XCBuildConfiguration;
			buildSettings = {
				CODE_SIGN_STYLE = Automatic;
				CURRENT_PROJECT_VERSION = 1;
				GENERATE_INFOPLIST_FILE = YES;
				MARKETING_VERSION = 1.0;
				PRODUCT_BUNDLE_IDENTIFIER = com.lhp.MyAdventureUITests;
				PRODUCT_NAME = "$(TARGET_NAME)";
				SWIFT_EMIT_LOC_STRINGS = NO;
				SWIFT_VERSION = 5.0;
				TEST_TARGET_NAME = MyAdventure;
			};
			name = Release;
		};
/* End XCBuildConfiguration section */

/* Begin XCConfigurationList section */
		226912582ED3E9E60004ACAE /* Build configuration list for PBXProject "MyAdventure" */ = {
			isa = XCConfigurationList;
			buildConfigurations = (
				2269127D2ED3E9E70004ACAE /* Debug */,
				2269127E2ED3E9E70004ACAE /* Release */,
			);
			defaultConfigurationIsVisible = 0;
			defaultConfigurationName = Release;
		};
		2269127F2ED3E9E70004ACAE /* Build configuration list for PBXNativeTarget "MyAdventure" */ = {
			isa = XCConfigurationList;
			buildConfigurations = (
				226912802ED3E9E70004ACAE /* Debug */,
				226912812ED3E9E70004ACAE /* Release */,
			);
			defaultConfigurationIsVisible = 0;
			defaultConfigurationName = Release;
		};
		226912822ED3E9E70004ACAE /* Build configuration list for PBXNativeTarget "MyAdventureTests" */ = {
			isa = XCConfigurationList;
			buildConfigurations = (
				226912832ED3E9E70004ACAE /* Debug */,
				226912842ED3E9E70004ACAE /* Release */,
			);
			defaultConfigurationIsVisible = 0;
			defaultConfigurationName = Release;
		};
		226912852ED3E9E70004ACAE /* Build configuration list for PBXNativeTarget "MyAdventureUITests" */ = {
			isa = XCConfigurationList;
			buildConfigurations = (
				226912862ED3E9E70004ACAE /* Debug */,
				226912872ED3E9E70004ACAE /* Release */,
			);
			defaultConfigurationIsVisible = 0;
			defaultConfigurationName = Release;
		};
/* End XCConfigurationList section */
	};
	rootObject = 226912552ED3E9E60004ACAE /* Project object */;
}
